
Microsoft Visual Studio Solution File, Format Version 12.00
# Visual Studio Version 17
VisualStudioVersion = 17.7.34009.444
MinimumVisualStudioVersion = 10.0.40219.1
Project("{FAE04EC0-301F-11D3-BF4B-00C04F79EFBC}") = "Lianliankan-SecondTry", "Lianliankan-SecondTry\Lianliankan-SecondTry.csproj", "{B6773D55-D5C5-4846-BE68-B9757C9DC30B}"
EndProject
Project("{9A19103F-16F7-4668-BE54-9A1E7A4F7556}") = "Lianliankan_WinUI", "Lianliankan_WinUI\Lianliankan_WinUI.csproj", "{2FE333AF-1EC7-4DD4-B1F7-8412767BCF63}"
EndProject
Project("{9A19103F-16F7-4668-BE54-9A1E7A4F7556}") = "Lianliankan-ThirdTry", "Lianliankan-ThirdTry\Lianliankan-ThirdTry.csproj", "{4974621E-9969-49B1-BCF9-1605DBD61D7A}"
EndProject
Global
	GlobalSection(SolutionConfigurationPlatforms) = preSolution
		Debug|Any CPU = Debug|Any CPU
		Debug|ARM64 = Debug|ARM64
		Debug|x64 = Debug|x64
		Debug|x86 = Debug|x86
		Release|Any CPU = Release|Any CPU
		Release|ARM64 = Release|ARM64
		Release|x64 = Release|x64
		Release|x86 = Release|x86
	EndGlobalSection
	GlobalSection(ProjectConfigurationPlatforms) = postSolution
		{B6773D55-D5C5-4846-BE68-B9757C9DC30B}.Debug|Any CPU.ActiveCfg = Debug|Any CPU
		{B6773D55-D5C5-4846-BE68-B9757C9DC30B}.Debug|Any CPU.Build.0 = Debug|Any CPU
		{B6773D55-D5C5-4846-BE68-B9757C9DC30B}.Debug|ARM64.ActiveCfg = Debug|Any CPU
		{B6773D55-D5C5-4846-BE68-B9757C9DC30B}.Debug|ARM64.Build.0 = Debug|Any CPU
		{B6773D55-D5C5-4846-BE68-B9757C9DC30B}.Debug|x64.ActiveCfg = Debug|Any CPU
		{B6773D55-D5C5-4846-BE68-B9757C9DC30B}.Debug|x64.Build.0 = Debug|Any CPU
		{B6773D55-D5C5-4846-BE68-B9757C9DC30B}.Debug|x86.ActiveCfg = Debug|Any CPU
		{B6773D55-D5C5-4846-BE68-B9757C9DC30B}.Debug|x86.Build.0 = Debug|Any CPU
		{B6773D55-D5C5-4846-BE68-B9757C9DC30B}.Release|Any CPU.ActiveCfg = Release|Any CPU
		{B6773D55-D5C5-4846-BE68-B9757C9DC30B}.Release|Any CPU.Build.0 = Release|Any CPU
		{B6773D55-D5C5-4846-BE68-B9757C9DC30B}.Release|ARM64.ActiveCfg = Release|Any CPU
		{B6773D55-D5C5-4846-BE68-B9757C9DC30B}.Release|ARM64.Build.0 = Release|Any CPU
		{B6773D55-D5C5-4846-BE68-B9757C9DC30B}.Release|x64.ActiveCfg = Release|Any CPU
		{B6773D55-D5C5-4846-BE68-B9757C9DC30B}.Release|x64.Build.0 = Release|Any CPU
		{B6773D55-D5C5-4846-BE68-B9757C9DC30B}.Release|x86.ActiveCfg = Release|Any CPU
		{B6773D55-D5C5-4846-BE68-B9757C9DC30B}.Release|x86.Build.0 = Release|Any CPU
		{2FE333AF-1EC7-4DD4-B1F7-8412767BCF63}.Debug|Any CPU.ActiveCfg = Debug|x64
		{2FE333AF-1EC7-4DD4-B1F7-8412767BCF63}.Debug|Any CPU.Build.0 = Debug|x64
		{2FE333AF-1EC7-4DD4-B1F7-8412767BCF63}.Debug|Any CPU.Deploy.0 = Debug|x64
		{2FE333AF-1EC7-4DD4-B1F7-8412767BCF63}.Debug|ARM64.ActiveCfg = Debug|ARM64
		{2FE333AF-1EC7-4DD4-B1F7-8412767BCF63}.Debug|ARM64.Build.0 = Debug|ARM64
		{2FE333AF-1EC7-4DD4-B1F7-8412767BCF63}.Debug|ARM64.Deploy.0 = Debug|ARM64
		{2FE333AF-1EC7-4DD4-B1F7-8412767BCF63}.Debug|x64.ActiveCfg = Debug|x64
		{2FE333AF-1EC7-4DD4-B1F7-8412767BCF63}.Debug|x64.Build.0 = Debug|x64
		{2FE333AF-1EC7-4DD4-B1F7-8412767BCF63}.Debug|x64.Deploy.0 = Debug|x64
		{2FE333AF-1EC7-4DD4-B1F7-8412767BCF63}.Debug|x86.ActiveCfg = Debug|x86
		{2FE333AF-1EC7-4DD4-B1F7-8412767BCF63}.Debug|x86.Build.0 = Debug|x86
		{2FE333AF-1EC7-4DD4-B1F7-8412767BCF63}.Debug|x86.Deploy.0 = Debug|x86
		{2FE333AF-1EC7-4DD4-B1F7-8412767BCF63}.Release|Any CPU.ActiveCfg = Release|x64
		{2FE333AF-1EC7-4DD4-B1F7-8412767BCF63}.Release|Any CPU.Build.0 = Release|x64
		{2FE333AF-1EC7-4DD4-B1F7-8412767BCF63}.Release|Any CPU.Deploy.0 = Release|x64
		{2FE333AF-1EC7-4DD4-B1F7-8412767BCF63}.Release|ARM64.ActiveCfg = Release|ARM64
		{2FE333AF-1EC7-4DD4-B1F7-8412767BCF63}.Release|ARM64.Build.0 = Release|ARM64
		{2FE333AF-1EC7-4DD4-B1F7-8412767BCF63}.Release|ARM64.Deploy.0 = Release|ARM64
		{2FE333AF-1EC7-4DD4-B1F7-8412767BCF63}.Release|x64.ActiveCfg = Release|x64
		{2FE333AF-1EC7-4DD4-B1F7-8412767BCF63}.Release|x64.Build.0 = Release|x64
		{2FE333AF-1EC7-4DD4-B1F7-8412767BCF63}.Release|x64.Deploy.0 = Release|x64
		{2FE333AF-1EC7-4DD4-B1F7-8412767BCF63}.Release|x86.ActiveCfg = Release|x86
		{2FE333AF-1EC7-4DD4-B1F7-8412767BCF63}.Release|x86.Build.0 = Release|x86
		{2FE333AF-1EC7-4DD4-B1F7-8412767BCF63}.Release|x86.Deploy.0 = Release|x86
		{4974621E-9969-49B1-BCF9-1605DBD61D7A}.Debug|Any CPU.ActiveCfg = Debug|Any CPU
		{4974621E-9969-49B1-BCF9-1605DBD61D7A}.Debug|Any CPU.Build.0 = Debug|Any CPU
		{4974621E-9969-49B1-BCF9-1605DBD61D7A}.Debug|ARM64.ActiveCfg = Debug|Any CPU
		{4974621E-9969-49B1-BCF9-1605DBD61D7A}.Debug|ARM64.Build.0 = Debug|Any CPU
		{4974621E-9969-49B1-BCF9-1605DBD61D7A}.Debug|x64.ActiveCfg = Debug|Any CPU
		{4974621E-9969-49B1-BCF9-1605DBD61D7A}.Debug|x64.Build.0 = Debug|Any CPU
		{4974621E-9969-49B1-BCF9-1605DBD61D7A}.Debug|x86.ActiveCfg = Debug|Any CPU
		{4974621E-9969-49B1-BCF9-1605DBD61D7A}.Debug|x86.Build.0 = Debug|Any CPU
		{4974621E-9969-49B1-BCF9-1605DBD61D7A}.Release|Any CPU.ActiveCfg = Release|Any CPU
		{4974621E-9969-49B1-BCF9-1605DBD61D7A}.Release|Any CPU.Build.0 = Release|Any CPU
		{4974621E-9969-49B1-BCF9-1605DBD61D7A}.Release|ARM64.ActiveCfg = Release|Any CPU
		{4974621E-9969-49B1-BCF9-1605DBD61D7A}.Release|ARM64.Build.0 = Release|Any CPU
		{4974621E-9969-49B1-BCF9-1605DBD61D7A}.Release|x64.ActiveCfg = Release|Any CPU
		{4974621E-9969-49B1-BCF9-1605DBD61D7A}.Release|x64.Build.0 = Release|Any CPU
		{4974621E-9969-49B1-BCF9-1605DBD61D7A}.Release|x86.ActiveCfg = Release|Any CPU
		{4974621E-9969-49B1-BCF9-1605DBD61D7A}.Release|x86.Build.0 = Release|Any CPU
	EndGlobalSection
	GlobalSection(SolutionProperties) = preSolution
		HideSolutionNode = FALSE
	EndGlobalSection
	GlobalSection(ExtensibilityGlobals) = postSolution
		SolutionGuid = {3B426660-F50A-4707-8DE5-DE253946B606}
	EndGlobalSection
EndGlobal
